
Microsoft Visual Studio Solution File, Format Version 12.00
# Visual Studio Version 16
VisualStudioVersion = 16.0.30804.86
MinimumVisualStudioVersion = 10.0.40219.1
Project("{FAE04EC0-301F-11D3-BF4B-00C04F79EFBC}") = "NotebookContactApp", "NotebookContactApp\NotebookContactApp.csproj", "{7ED333B2-26B2-448B-AEA1-0FD0C5451B9A}"
EndProject
Global
	GlobalSection(SolutionConfigurationPlatforms) = preSolution
		Debug|Any CPU = Debug|Any CPU
		Release|Any CPU = Release|Any CPU
	EndGlobalSection
	GlobalSection(ProjectConfigurationPlatforms) = postSolution
		{7ED333B2-26B2-448B-AEA1-0FD0C5451B9A}.Debug|Any CPU.ActiveCfg = Debug|Any CPU
		{7ED333B2-26B2-448B-AEA1-0FD0C5451B9A}.Debug|Any CPU.Build.0 = Debug|Any CPU
		{7ED333B2-26B2-448B-AEA1-0FD0C5451B9A}.Release|Any CPU.ActiveCfg = Release|Any CPU
		{7ED333B2-26B2-448B-AEA1-0FD0C5451B9A}.Release|Any CPU.Build.0 = Release|Any CPU
	EndGlobalSection
	GlobalSection(SolutionProperties) = preSolution
		HideSolutionNode = FALSE
	EndGlobalSection
	GlobalSection(ExtensibilityGlobals) = postSolution
		SolutionGuid = {54FF00E4-ACE2-4481-A408-007E3E7BDB3B}
	EndGlobalSection
EndGlobal
